
Microsoft Visual Studio Solution File, Format Version 12.00
# Visual Studio 14
VisualStudioVersion = 14.0.25420.1
MinimumVisualStudioVersion = 10.0.40219.1
Project("{FAE04EC0-301F-11D3-BF4B-00C04F79EFBC}") = "GuildCars.UI", "GuildCars.UI\GuildCars.UI.csproj", "{C7B40B22-2183-42D4-9799-2A2766F4E2AE}"
EndProject
Project("{FAE04EC0-301F-11D3-BF4B-00C04F79EFBC}") = "GuildCars.Models", "GuildCars.Models\GuildCars.Models.csproj", "{C606161E-9B98-4BC1-8F6A-D4DFEED3E8AE}"
EndProject
Project("{FAE04EC0-301F-11D3-BF4B-00C04F79EFBC}") = "GuildCars.Data", "GuildCars.Data\GuildCars.Data.csproj", "{0FCBB576-447B-46E9-BD54-EF81CA5EF2D1}"
EndProject
Project("{FAE04EC0-301F-11D3-BF4B-00C04F79EFBC}") = "GuildCars.Tests", "GuildCars.Tests\GuildCars.Tests.csproj", "{38BED6E8-9FA0-4204-AB46-69949EEA03B1}"
EndProject
Global
	GlobalSection(SolutionConfigurationPlatforms) = preSolution
		Debug|Any CPU = Debug|Any CPU
		Release|Any CPU = Release|Any CPU
	EndGlobalSection
	GlobalSection(ProjectConfigurationPlatforms) = postSolution
		{C7B40B22-2183-42D4-9799-2A2766F4E2AE}.Debug|Any CPU.ActiveCfg = Debug|Any CPU
		{C7B40B22-2183-42D4-9799-2A2766F4E2AE}.Debug|Any CPU.Build.0 = Debug|Any CPU
		{C7B40B22-2183-42D4-9799-2A2766F4E2AE}.Release|Any CPU.ActiveCfg = Release|Any CPU
		{C7B40B22-2183-42D4-9799-2A2766F4E2AE}.Release|Any CPU.Build.0 = Release|Any CPU
		{C606161E-9B98-4BC1-8F6A-D4DFEED3E8AE}.Debug|Any CPU.ActiveCfg = Debug|Any CPU
		{C606161E-9B98-4BC1-8F6A-D4DFEED3E8AE}.Debug|Any CPU.Build.0 = Debug|Any CPU
		{C606161E-9B98-4BC1-8F6A-D4DFEED3E8AE}.Release|Any CPU.ActiveCfg = Release|Any CPU
		{C606161E-9B98-4BC1-8F6A-D4DFEED3E8AE}.Release|Any CPU.Build.0 = Release|Any CPU
		{0FCBB576-447B-46E9-BD54-EF81CA5EF2D1}.Debug|Any CPU.ActiveCfg = Debug|Any CPU
		{0FCBB576-447B-46E9-BD54-EF81CA5EF2D1}.Debug|Any CPU.Build.0 = Debug|Any CPU
		{0FCBB576-447B-46E9-BD54-EF81CA5EF2D1}.Release|Any CPU.ActiveCfg = Release|Any CPU
		{0FCBB576-447B-46E9-BD54-EF81CA5EF2D1}.Release|Any CPU.Build.0 = Release|Any CPU
		{38BED6E8-9FA0-4204-AB46-69949EEA03B1}.Debug|Any CPU.ActiveCfg = Debug|Any CPU
		{38BED6E8-9FA0-4204-AB46-69949EEA03B1}.Debug|Any CPU.Build.0 = Debug|Any CPU
		{38BED6E8-9FA0-4204-AB46-69949EEA03B1}.Release|Any CPU.ActiveCfg = Release|Any CPU
		{38BED6E8-9FA0-4204-AB46-69949EEA03B1}.Release|Any CPU.Build.0 = Release|Any CPU
	EndGlobalSection
	GlobalSection(SolutionProperties) = preSolution
		HideSolutionNode = FALSE
	EndGlobalSection
EndGlobal
